# Generated from requirements.in using ARM64 artifacts downloaded inside
# nvcr.io/nvidia/pytorch@sha256:dcae8df08ef61b019b8eb109113428cba4ef0e37484c6e722406150dd5ada759.
# Regenerate only when the exact NeMo source commit or base image changes.

aistore==1.25.0 \
    --hash=sha256:0ae22e35a70cfc88276ebadef351d6cae1f635ff9a76dcd84cd3e8c620a97275
audioread==3.1.0 \
    --hash=sha256:b30d1df6c5d3de5dcef0fb0e256f6ea17bdcf5f979408df0297d8a408e2971b4
braceexpand==0.1.7 \
    --hash=sha256:91332d53de7828103dcae5773fb43bc34950b0c8160e35e0f44c4427a3b85014
cloudpickle==3.1.2 \
    --hash=sha256:9acb47f6afd73f60dc1df93bb801b472f05ff42fa6c84167d25cb206be1fbf4a
colorama==0.4.6 \
    --hash=sha256:4f1d9991f5acc0ca119f9d443620b77f9d6b33703e51011c16baf57afb285fc6
cytoolz==1.1.0 \
    --hash=sha256:82779049f352fb3ab5e8c993ab45edbb6e02efb1f17f0b50f4972c706cc51d76
fsspec==2025.12.0 \
    --hash=sha256:8bf1fe301b7d8acfa6e8571e3b1c3d158f909666642431cc78a1b7b4dbc5ec5b
humanize==4.16.0 \
    --hash=sha256:353eb2f34c09d098b2880eee8bef21832eae6d174f48c5762fff7e5fcb74d01d
hydra-core==1.3.2 \
    --hash=sha256:fa0238a9e31df3373b35b0bfb672c34cc92718d21f81311d8996a16de1141d8b
indic-numtowords==1.1.0 \
    --hash=sha256:bf4b7b9e539323d9b00bc868caa2d9369170b8f3ac4d19619bf9c6cdc6f89572
intervaltree==3.2.1 \
    --hash=sha256:a8a8381bbd35d48ceebee932c77ffc988492d22fb1d27d0ba1d74a7694eb8f0b
joblib==1.5.3 \
    --hash=sha256:5fc3c5039fc5ca8c0276333a188bbd59d6b7ab37fe6632daa76bc7f9ec18e713
kaldialign==0.12.0 \
    --hash=sha256:62694144a5e0ae086910bd979bc6b99b36c97a4276614bd28b5b06fed133abbf
lazy-loader==0.5 \
    --hash=sha256:ab0ea149e9c554d4ffeeb21105ac60bed7f3b4fd69b1d2360a4add51b170b005
lhotse==1.33.0 \
    --hash=sha256:8697bc74a8f3101594fca5661c7318c30899f3fdb132a44c7e99e794be6ac061
librosa==0.11.0 \
    --hash=sha256:0b6415c4fd68bff4c29288abe67c6d80b587e0e1e2cfb0aad23e4559504a7fa1
lightning==2.4.0 \
    --hash=sha256:560163af9711cf59055c448232c473150a299089efce0d2be3cc3288082d8768
lightning-utilities==0.15.3 \
    --hash=sha256:6c55f1bee70084a1cbeaa41ada96e4b3a0fea5909e844dd335bd80f5a73c5f91
lxml==6.1.1 \
    --hash=sha256:96f2ec43df44b1f76249ee0a615334f9b5b060e1c8bd90e706dad2d14d02f383
more-itertools==11.1.0 \
    --hash=sha256:4b65538ae22f6fed0ce4874efd317463a7489796a0939fa66824dd542125a192
msgpack==1.2.1 \
    --hash=sha256:60926b75d00c8e816ef98f3034f484a8bc64242d66839cef4cf7e503142316a0
msgspec==0.21.1 \
    --hash=sha256:846758412e9518252b2ac9bffd6f0e54d9ff614f5f9488df7749f81ff5c80920
narwhals==2.24.0 \
    --hash=sha256:42fdedf44e5b2ca7505630d45b4ac3058f38d8485cba9fe1652ca23152df7489
nv-one-logger-core==2.3.1 \
    --hash=sha256:0c8b77bcdac4daa1ea913bf8d4afd2a057bd5526e3654ac39f67caba157341a6
nv-one-logger-pytorch-lightning-integration==2.3.1 \
    --hash=sha256:f92904055fb0082516480cc1e3dd0bb6cedb2b033985ebfd4814b9cbf7da2cb2
nv-one-logger-training-telemetry==2.3.1 \
    --hash=sha256:5319443829b59378a498c3c62ac98973e14f31be675c229ff2b14e2fe109aa0b
overrides==7.7.0 \
    --hash=sha256:c7ed9d062f78b8e4c1a7b70bd8796b35ead4d9f510227ef9c5dc7626c60d7e49
packaging==24.2 \
    --hash=sha256:09abb1bccd265c01f4a3aa3f7a7db064b36514d2cba19a2f694fe6150451a759
pooch==1.9.0 \
    --hash=sha256:f265597baa9f760d25ceb29d0beb8186c243d6607b0f60b83ecf14078dbc703b
portalocker==3.2.0 \
    --hash=sha256:3cdc5f565312224bc570c49337bd21428bba0ef363bbcf58b9ef4a9f11779968
pytorch-lightning==2.6.5 \
    --hash=sha256:62d9c8549b2278fedc3364f0a5607a56c6063d18635008f8cf3fae8d802b0d76
sacrebleu==2.6.0 \
    --hash=sha256:3edc1531575cfe4ad04ce53491a9307e234af1c3f805a1f491cbec844229a8a8
scikit-learn==1.9.0 \
    --hash=sha256:5e50ed4da51974e86e940690e9a3d82e729b62b5a49f7c9bac534d515d39d86f
sentencepiece==0.2.2 \
    --hash=sha256:cbce24284f51f71d10a42b7b9c964dcb9048b28f1c8e5db40bcbcb6f428cba6a
smart-open==8.0.1 \
    --hash=sha256:3e97f90e92a952cb57863dfe132082c400a52eeeb27c067692fb51dbcc5b0089
sortedcontainers==2.4.0 \
    --hash=sha256:a163dcaede0f1c021485e957a39245190e74249897e2ae4b2aa38595db237ee0
soundfile==0.14.0 \
    --hash=sha256:e85724a90bc99a6e8062c0b4ddf725f53b2a3b70afd4da875e9d2cfc4e92f377
soxr==1.1.0 \
    --hash=sha256:bf98c0d7b7d5ef5bf072fee8d3020e8b664f2d195933ea7bc5089267c2e22a06
StrEnum==0.4.15 \
    --hash=sha256:a30cda4af7cc6b5bf52c8055bc4bf4b2b6b14a93b574626da33df53cf7740659
tenacity==9.1.4 \
    --hash=sha256:6095a360c919085f28c6527de529e76a06ad89b23659fa881ae0649b867a9d55
text-unidecode==1.3 \
    --hash=sha256:1311f10e8b895935241623731c2ba64f4c455287888b18189350b67134a822e8
threadpoolctl==3.6.0 \
    --hash=sha256:43a0b8fd5a2928500110039e43a5eed8480b918967083ea48dc3ab9f13c4a7fb
tokenizers==0.22.2 \
    --hash=sha256:2249487018adec45d6e3554c71d46eb39fa8ea67156c640f7513eb26f318cec7
toml==0.10.2 \
    --hash=sha256:806143ae5bfb6a3c6e736a764057db0e6a0e05e338b5630894a5f779cabb4f9b
toolz==1.1.0 \
    --hash=sha256:15ccc861ac51c53696de0a5d6d4607f99c210739caf987b5d2054f3efed429d8
torchmetrics==1.9.0 \
    --hash=sha256:bfdcbff3dd1d96b3374bb2496eb39f23c4b28b8a845b6a18c313688e0d2d9ca1
transformers==5.14.1 \
    --hash=sha256:9db974c4079ede2d1a3ea7ca5a240df33f2cc26fc2b36ba64c5f2a4f43b6e725
webdataset==1.0.2 \
    --hash=sha256:3dbfced32b25c0d199c6b9787937b6f85742bc3c84f652c846893075c1c082d9
whisper-normalizer==0.1.14 \
    --hash=sha256:93119c1425c6225df4ef33d071cde2f61706cab4f72bb5b4fe47c9f7cdce8747
wrapt==2.2.2 \
    --hash=sha256:6d1a6050405bf334be33bf66296f113563622972a34900ae6fa60fd283a1a900
