version = 1
revision = 3
requires-python = "==3.12.*"

[[package]]
name = "rapidfuzz"
version = "3.14.5"
source = { registry = "https://pypi.org/simple" }
sdist = { url = "https://files.pythonhosted.org/packages/2c/21/ef6157213316e85790041254259907eb722e00b03480256c0545d98acd33/rapidfuzz-3.14.5.tar.gz", hash = "sha256:ba10ac57884ce82112f7ed910b67e7fb6072d8ef2c06e30dc63c0f604a112e0e", size = 57901753, upload-time = "2026-04-07T11:16:31.931Z" }
wheels = [
    { url = "https://files.pythonhosted.org/packages/d3/e3/574435c6aafb80254c191ef40d7aca2cb2bb97a095ec9395e9fa59ac307a/rapidfuzz-3.14.5-cp312-cp312-macosx_10_13_x86_64.whl", hash = "sha256:0d3378f471ef440473a396ce2f8e97ee12f89a78b495540e0a5617bbfe895638", size = 1944601, upload-time = "2026-04-07T11:14:18.771Z" },
    { url = "https://files.pythonhosted.org/packages/d0/1f/fbad3102a255ecc112ce9a7e779bacab7fd14398217be8868dc9082ba363/rapidfuzz-3.14.5-cp312-cp312-macosx_11_0_arm64.whl", hash = "sha256:1e910eebca9fd0eba245c0555e764597e8a0cccb673a92da2dc2397050725f48", size = 1164293, upload-time = "2026-04-07T11:14:20.534Z" },
    { url = "https://files.pythonhosted.org/packages/88/37/a3eb7ff6121ed3a5f199a8c38cc86c8e481816f879cb0e0b738b078c9a7e/rapidfuzz-3.14.5-cp312-cp312-manylinux_2_26_aarch64.manylinux_2_28_aarch64.whl", hash = "sha256:01550fe5f60fd176aa66b7611289d46dc4aa4b1b904874c7b6d1d54e581c5ec1", size = 1371999, upload-time = "2026-04-07T11:14:22.63Z" },
    { url = "https://files.pythonhosted.org/packages/79/72/97a9728c711c7c1b06e107d3f0623880fb4ef90e147ed13c551a1730e7cc/rapidfuzz-3.14.5-cp312-cp312-manylinux_2_27_x86_64.manylinux_2_28_x86_64.whl", hash = "sha256:48bee0b91bebfaec41e1081e351000659ab7570cc4598d617aa04d5bf827f9e6", size = 3145715, upload-time = "2026-04-07T11:14:24.508Z" },
    { url = "https://files.pythonhosted.org/packages/ed/54/d5caabbea233ac90c286c87c260e49d7641467e87438a18d858e41c82e91/rapidfuzz-3.14.5-cp312-cp312-manylinux_2_39_riscv64.whl", hash = "sha256:7e580cb04ad849ae9b786fa21383c6b994b6e6c1444ad1cb9f22392759d72741", size = 1456304, upload-time = "2026-04-07T11:14:26.515Z" },
    { url = "https://files.pythonhosted.org/packages/fc/a7/2d1a81250ac8c01a0100c026018e76f0e7a097ff63e4c553e02a6938c6fb/rapidfuzz-3.14.5-cp312-cp312-musllinux_1_2_aarch64.whl", hash = "sha256:09d6c9ba091854f07817055d795d604179c12a8f308ba4c7d56f3719dfea1646", size = 2389089, upload-time = "2026-04-07T11:14:28.635Z" },
    { url = "https://files.pythonhosted.org/packages/65/0d/c47c3872203ae88e6506997c0b576ad731f5261daa25d559be09c9756658/rapidfuzz-3.14.5-cp312-cp312-musllinux_1_2_riscv64.whl", hash = "sha256:1e989f86113be66574113b9c7bdf4793f3f863d248e47d911b355e05ca6b6b10", size = 2493404, upload-time = "2026-04-07T11:14:30.577Z" },
    { url = "https://files.pythonhosted.org/packages/8f/2f/71e0a5a3130792146c8a200a2dd1e52aa16f7c1074012e17f2601eea9a90/rapidfuzz-3.14.5-cp312-cp312-musllinux_1_2_x86_64.whl", hash = "sha256:0ebd1a18e2e47bc0b292a07e6ed9c3642f8aaa672d12253885f599b50807a4f9", size = 4251709, upload-time = "2026-04-07T11:14:32.451Z" },
    { url = "https://files.pythonhosted.org/packages/86/45/d39874901abacef325adb5b34ae416817c8486dfb4fb87c7a9b74ec5b072/rapidfuzz-3.14.5-cp312-cp312-win32.whl", hash = "sha256:9981d38a703b86f0e315a3cd229fd1906fe1d91c989ed121fb975b3c849f89f5", size = 1710069, upload-time = "2026-04-07T11:14:34.37Z" },
    { url = "https://files.pythonhosted.org/packages/85/0b/f65572c53de8a1c704bda707f63a447b67bdbe95d7cdc70d18885e191df5/rapidfuzz-3.14.5-cp312-cp312-win_amd64.whl", hash = "sha256:d8375e3da319593389727c3187ccaf3e0e84199accc530866b8e0f2b79af05e9", size = 1540630, upload-time = "2026-04-07T11:14:36.287Z" },
    { url = "https://files.pythonhosted.org/packages/5e/c3/143be3a578f989758cae516f3270d5cbb49783a7bfdf57cc27a670e00456/rapidfuzz-3.14.5-cp312-cp312-win_arm64.whl", hash = "sha256:478b59bb018a6780d73f33e38d0b3ec5e968a6c1ed42876b993dd456b7aa20e8", size = 813137, upload-time = "2026-04-07T11:14:38.289Z" },
]

[[package]]
name = "regex"
version = "2026.7.10"
source = { registry = "https://pypi.org/simple" }
sdist = { url = "https://files.pythonhosted.org/packages/7b/37/451aaddbf50922f34d744ad5ca919ae1fcfac112123885d9728f52a484b3/regex-2026.7.10.tar.gz", hash = "sha256:1050fedf0a8a92e843971120c2f57c3a99bea86c0dfa1d63a9fac053fe54b135", size = 416282, upload-time = "2026-07-10T19:49:46.267Z" }
wheels = [
    { url = "https://files.pythonhosted.org/packages/b3/9c/2503d4ccf3452dc323f8baa3cf3ee10406037d52735c76cfced81423f183/regex-2026.7.10-cp312-cp312-macosx_10_13_universal2.whl", hash = "sha256:7252b48b0c60100095088fbeb281fca9a4fcf678a4e04b1c520c3f8613c952c4", size = 497114, upload-time = "2026-07-10T19:47:16.22Z" },
    { url = "https://files.pythonhosted.org/packages/91/eb/04534f4263a4f658cd20a511e9d6124350044f2214eb24fee2db96acf318/regex-2026.7.10-cp312-cp312-macosx_10_13_x86_64.whl", hash = "sha256:da6ef4cb8d457aab0482b50120136ae94238aaa421863eaa7d599759742c72d6", size = 297422, upload-time = "2026-07-10T19:47:17.794Z" },
    { url = "https://files.pythonhosted.org/packages/ca/2d/35809de392ab66ba439b58c3187ae3b8b53c883233f284b59961e5725c99/regex-2026.7.10-cp312-cp312-macosx_11_0_arm64.whl", hash = "sha256:fe7ff456c22725c9d9017f7a2a7df2b51af6df77314176760b22e2d05278e181", size = 292110, upload-time = "2026-07-10T19:47:19.188Z" },
    { url = "https://files.pythonhosted.org/packages/ad/1e/5ce0fbe9aab071893ce2b7df020d0f561f7b411ec334124302468d587884/regex-2026.7.10-cp312-cp312-manylinux2014_aarch64.manylinux_2_17_aarch64.manylinux_2_28_aarch64.whl", hash = "sha256:f3463a5f26be513a49e4d497debcf1b252a2db7b92c77d89621aa90b83d2dd38", size = 796800, upload-time = "2026-07-10T19:47:20.639Z" },
    { url = "https://files.pythonhosted.org/packages/d4/67/c1ccbada395c10e334763b583e1039b1660b142303ebb941d4269130b22f/regex-2026.7.10-cp312-cp312-manylinux2014_ppc64le.manylinux_2_17_ppc64le.manylinux_2_28_ppc64le.whl", hash = "sha256:948dfc62683a6947b9b486c4598d8f6e3ecc542478b6767b87d52be68aeb55c6", size = 865509, upload-time = "2026-07-10T19:47:22.135Z" },
    { url = "https://files.pythonhosted.org/packages/0e/06/f0b31afc16c1208f945b66290eb2a9936ab8becdfb23bbcedb91cc5f9d9b/regex-2026.7.10-cp312-cp312-manylinux2014_s390x.manylinux_2_17_s390x.manylinux_2_28_s390x.whl", hash = "sha256:c2cbd385d82f63bb35edb60b09b08abad3619bd0a4a492ae59e55afaf98e1b9d", size = 912395, upload-time = "2026-07-10T19:47:24.128Z" },
    { url = "https://files.pythonhosted.org/packages/0b/1c/8687de3a6c3220f4f872a9bf4bcd8dc249f2a96e7dddfa93de8bd4d16399/regex-2026.7.10-cp312-cp312-manylinux2014_x86_64.manylinux_2_17_x86_64.manylinux_2_28_x86_64.whl", hash = "sha256:f6222cafe00e072bb2b8f14142cd969637411fbc4dd3b1d73a90a3b817fa046f", size = 801308, upload-time = "2026-07-10T19:47:25.696Z" },
    { url = "https://files.pythonhosted.org/packages/5f/e3/60a40ec02a2315d826414a125640aceb6f30450574c530c8f352110ece0e/regex-2026.7.10-cp312-cp312-manylinux_2_31_riscv64.manylinux_2_39_riscv64.whl", hash = "sha256:65ee5d1ac3cd541325f5ac92625b1c1505f4d171520dd931bda7952895c5321a", size = 777120, upload-time = "2026-07-10T19:47:27.158Z" },
    { url = "https://files.pythonhosted.org/packages/6a/9a/ec579b4f840ac59bc7c192b56e66abd4cbf385615300d59f7c94bf6863ae/regex-2026.7.10-cp312-cp312-musllinux_1_2_aarch64.whl", hash = "sha256:aa34473fbcc108fea403074f3f45091461b18b2047d136f16ffaa4c65ad46a68", size = 785164, upload-time = "2026-07-10T19:47:28.732Z" },
    { url = "https://files.pythonhosted.org/packages/ad/1c/60d88afd5f98d4b0fb1f8b8969270628140dc01c7ff93a939f2aa83f31a6/regex-2026.7.10-cp312-cp312-musllinux_1_2_ppc64le.whl", hash = "sha256:9d028d189d8f38d7ff292f22187c0df37f2317f554d2ed9a2908ada330af57c0", size = 860161, upload-time = "2026-07-10T19:47:30.605Z" },
    { url = "https://files.pythonhosted.org/packages/2a/40/08ae3ba45fe79e48c9a888a3389a7ee7e2d8c580d2d996da5ece02dfdcb9/regex-2026.7.10-cp312-cp312-musllinux_1_2_riscv64.whl", hash = "sha256:396ea70e4ea1f19571940add3bad9fd3eb6a19dc610d0d01f692bc1ba0c10cb4", size = 765829, upload-time = "2026-07-10T19:47:32.06Z" },
    { url = "https://files.pythonhosted.org/packages/12/e6/e613c6755d19aca9d977cdc3418a1991ffc8f386779752dd8fdfa888ea89/regex-2026.7.10-cp312-cp312-musllinux_1_2_s390x.whl", hash = "sha256:ebbf0d83ed5271991d666e54bb6c90ac2c55fb2ef3a88740c6af85dc85de2402", size = 852170, upload-time = "2026-07-10T19:47:33.567Z" },
    { url = "https://files.pythonhosted.org/packages/03/33/89072f2060e6b844b4916d5bc40ef01e973640c703025707869264ec75ab/regex-2026.7.10-cp312-cp312-musllinux_1_2_x86_64.whl", hash = "sha256:58a4571b2a093f6f6ee4fd281faa8ebf645abcf575f758173ea2605c7a1e1ecb", size = 789550, upload-time = "2026-07-10T19:47:35.395Z" },
    { url = "https://files.pythonhosted.org/packages/e3/3c/4bc8be9a155035e63780ccac1da101f36194946fdc3f6fce90c7179fc6df/regex-2026.7.10-cp312-cp312-win32.whl", hash = "sha256:eac1207936555aa691ce32df1432b478f2729d54e6d93a1f4db9215bcd8eb47d", size = 267151, upload-time = "2026-07-10T19:47:37.047Z" },
    { url = "https://files.pythonhosted.org/packages/35/73/9f5aade65bb98cc6e99c336e45a49a658300720c16721f3e687f8d754fec/regex-2026.7.10-cp312-cp312-win_amd64.whl", hash = "sha256:ecae626449d00db8c08f8f1fc00047a32d6d7eb5402b3976f5c3fda2b80a7a4f", size = 277751, upload-time = "2026-07-10T19:47:38.488Z" },
    { url = "https://files.pythonhosted.org/packages/36/6f/d069dd12872ea1d50e17319d342f89e2072cae4b62f4245009a1108c74d8/regex-2026.7.10-cp312-cp312-win_arm64.whl", hash = "sha256:87794549a3f5c1c2bdfba2380c1bf87b931e375f4133d929da44f95e396bf5fe", size = 277063, upload-time = "2026-07-10T19:47:40.023Z" },
]

[[package]]
name = "yap-server"
version = "0.1.0"
source = { virtual = "." }

[package.optional-dependencies]
evaluation = [
    { name = "rapidfuzz" },
    { name = "regex" },
]

[package.metadata]
requires-dist = [
    { name = "rapidfuzz", marker = "extra == 'evaluation'", specifier = "==3.14.5" },
    { name = "regex", marker = "extra == 'evaluation'", specifier = "==2026.7.10" },
]
provides-extras = ["evaluation"]
